
Microsoft Visual Studio Solution File, Format Version 12.00
# Visual Studio 15
VisualStudioVersion = 15.0.28307.572
MinimumVisualStudioVersion = 10.0.40219.1
Project("{9A19103F-16F7-4668-BE54-9A1E7A4F7556}") = "AppPartsDemo.Web", "AppPartsDemo\AppPartsDemo.Web.csproj", "{16AB8560-4C2A-4F0A-9D78-A04C219F0C71}"
EndProject
Project("{FAE04EC0-301F-11D3-BF4B-00C04F79EFBC}") = "AppPartsDemo.RCL.Roles", "AppPartsDemo.RCL.Roles\AppPartsDemo.RCL.Roles.csproj", "{55A04706-F212-4B46-880F-563E85394940}"
EndProject
Global
	GlobalSection(SolutionConfigurationPlatforms) = preSolution
		Debug|Any CPU = Debug|Any CPU
		Release|Any CPU = Release|Any CPU
	EndGlobalSection
	GlobalSection(ProjectConfigurationPlatforms) = postSolution
		{16AB8560-4C2A-4F0A-9D78-A04C219F0C71}.Debug|Any CPU.ActiveCfg = Debug|Any CPU
		{16AB8560-4C2A-4F0A-9D78-A04C219F0C71}.Debug|Any CPU.Build.0 = Debug|Any CPU
		{16AB8560-4C2A-4F0A-9D78-A04C219F0C71}.Release|Any CPU.ActiveCfg = Release|Any CPU
		{16AB8560-4C2A-4F0A-9D78-A04C219F0C71}.Release|Any CPU.Build.0 = Release|Any CPU
		{55A04706-F212-4B46-880F-563E85394940}.Debug|Any CPU.ActiveCfg = Debug|Any CPU
		{55A04706-F212-4B46-880F-563E85394940}.Debug|Any CPU.Build.0 = Debug|Any CPU
		{55A04706-F212-4B46-880F-563E85394940}.Release|Any CPU.ActiveCfg = Release|Any CPU
		{55A04706-F212-4B46-880F-563E85394940}.Release|Any CPU.Build.0 = Release|Any CPU
	EndGlobalSection
	GlobalSection(SolutionProperties) = preSolution
		HideSolutionNode = FALSE
	EndGlobalSection
	GlobalSection(ExtensibilityGlobals) = postSolution
		SolutionGuid = {C6A708CE-DB9B-4944-94A0-29B155117C54}
	EndGlobalSection
EndGlobal
